// !$*UTF8*$!
{
	archiveVersion = 1;
	classes = {
	};
	objectVersion = 50;
	objects = {

/* Begin PBXBuildFile section */
		9AFBBB2526CFC5410061ECD5 /* main.swift in Sources */ = {isa = PBXBuildFile; fileRef = 9AFBBB2426CFC5410061ECD5 /* main.swift */; };
		9AFBBB3226CFC59E0061ECD5 /* TestCLIAppTests.swift in Sources */ = {isa = PBXBuildFile; fileRef = 9AFBBB3126CFC59E0061ECD5 /* TestCLIAppTests.swift */; };
		9AFBBB4426CFD80B0061ECD5 /* main.swift in Sources */ = {isa = PBXBuildFile; fileRef = 9AFBBB2426CFC5410061ECD5 /* main.swift */; };
/* End PBXBuildFile section */

/* Begin PBXCopyFilesBuildPhase section */
		9AFBBB1F26CFC5410061ECD5 /* CopyFiles */ = {
			isa = PBXCopyFilesBuildPhase;
			buildActionMask = 2147483647;
			dstPath = /usr/share/man/man1/;
			dstSubfolderSpec = 0;
			files = (
			);
			runOnlyForDeploymentPostprocessing = 1;
		};
/* End PBXCopyFilesBuildPhase section */

/* Begin PBXFileReference section */
		9AFBBB2126CFC5410061ECD5 /* TestCLIApp */ = {isa = PBXFileReference; explicitFileType = "compiled.mach-o.executable"; includeInIndex = 0; path = TestCLIApp; sourceTree = BUILT_PRODUCTS_DIR; };
		9AFBBB2426CFC5410061ECD5 /* main.swift */ = {isa = PBXFileReference; lastKnownFileType = sourcecode.swift; path = main.swift; sourceTree = "<group>"; };
		9AFBBB2F26CFC59E0061ECD5 /* TestCLIAppTests.xctest */ = {isa = PBXFileReference; explicitFileType = wrapper.cfbundle; includeInIndex = 0; path = TestCLIAppTests.xctest; sourceTree = BUILT_PRODUCTS_DIR; };
		9AFBBB3126CFC59E0061ECD5 /* TestCLIAppTests.swift */ = {isa = PBXFileReference; lastKnownFileType = sourcecode.swift; path = TestCLIAppTests.swift; sourceTree = "<group>"; };
		9AFBBB3326CFC59E0061ECD5 /* Info.plist */ = {isa = PBXFileReference; lastKnownFileType = text.plist.xml; path = Info.plist; sourceTree = "<group>"; };
/* End PBXFileReference section */

/* Begin PBXFrameworksBuildPhase section */
		9AFBBB1E26CFC5410061ECD5 /* Frameworks */ = {
			isa = PBXFrameworksBuildPhase;
			buildActionMask = 2147483647;
			files = (
			);
			runOnlyForDeploymentPostprocessing = 0;
		};
		9AFBBB2C26CFC59E0061ECD5 /* Frameworks */ = {
			isa = PBXFrameworksBuildPhase;
			buildActionMask = 2147483647;
			files = (
			);
			runOnlyForDeploymentPostprocessing = 0;
		};
/* End PBXFrameworksBuildPhase section */

/* Begin PBXGroup section */
		9AFBBB1826CFC5410061ECD5 = {
			isa = PBXGroup;
			children = (
				9AFBBB2326CFC5410061ECD5 /* TestCLIApp */,
				9AFBBB3026CFC59E0061ECD5 /* TestCLIAppTests */,
				9AFBBB2226CFC5410061ECD5 /* Products */,
			);
			sourceTree = "<group>";
		};
		9AFBBB2226CFC5410061ECD5 /* Products */ = {
			isa = PBXGroup;
			children = (
				9AFBBB2126CFC5410061ECD5 /* TestCLIApp */,
				9AFBBB2F26CFC59E0061ECD5 /* TestCLIAppTests.xctest */,
			);
			name = Products;
			sourceTree = "<group>";
		};
		9AFBBB2326CFC5410061ECD5 /* TestCLIApp */ = {
			isa = PBXGroup;
			children = (
				9AFBBB2426CFC5410061ECD5 /* main.swift */,
			);
			path = TestCLIApp;
			sourceTree = "<group>";
		};
		9AFBBB3026CFC59E0061ECD5 /* TestCLIAppTests */ = {
			isa = PBXGroup;
			children = (
				9AFBBB3126CFC59E0061ECD5 /* TestCLIAppTests.swift */,
				9AFBBB3326CFC59E0061ECD5 /* Info.plist */,
			);
			path = TestCLIAppTests;
			sourceTree = "<group>";
		};
/* End PBXGroup section */

/* Begin PBXNativeTarget section */
		9AFBBB2026CFC5410061ECD5 /* TestCLIApp */ = {
			isa = PBXNativeTarget;
			buildConfigurationList = 9AFBBB2826CFC5410061ECD5 /* Build configuration list for PBXNativeTarget "TestCLIApp" */;
			buildPhases = (
				9AFBBB1D26CFC5410061ECD5 /* Sources */,
				9AFBBB1E26CFC5410061ECD5 /* Frameworks */,
				9AFBBB1F26CFC5410061ECD5 /* CopyFiles */,
			);
			buildRules = (
			);
			dependencies = (
			);
			name = TestCLIApp;
			productName = TestCLIApp;
			productReference = 9AFBBB2126CFC5410061ECD5 /* TestCLIApp */;
			productType = "com.apple.product-type.tool";
		};
		9AFBBB2E26CFC59E0061ECD5 /* TestCLIAppTests */ = {
			isa = PBXNativeTarget;
			buildConfigurationList = 9AFBBB3426CFC59E0061ECD5 /* Build configuration list for PBXNativeTarget "TestCLIAppTests" */;
			buildPhases = (
				9AFBBB2B26CFC59E0061ECD5 /* Sources */,
				9AFBBB2C26CFC59E0061ECD5 /* Frameworks */,
				9AFBBB2D26CFC59E0061ECD5 /* Resources */,
			);
			buildRules = (
			);
			dependencies = (
			);
			name = TestCLIAppTests;
			productName = TestCLIAppTests;
			productReference = 9AFBBB2F26CFC59E0061ECD5 /* TestCLIAppTests.xctest */;
			productType = "com.apple.product-type.bundle.unit-test";
		};
/* End PBXNativeTarget section */

/* Begin PBXProject section */
		9AFBBB1926CFC5410061ECD5 /* Project object */ = {
			isa = PBXProject;
			attributes = {
				LastSwiftUpdateCheck = 1250;
				LastUpgradeCheck = 1250;
				TargetAttributes = {
					9AFBBB2026CFC5410061ECD5 = {
						CreatedOnToolsVersion = 12.5.1;
					};
					9AFBBB2E26CFC59E0061ECD5 = {
						CreatedOnToolsVersion = 12.5.1;
					};
				};
			};
			buildConfigurationList = 9AFBBB1C26CFC5410061ECD5 /* Build configuration list for PBXProject "TestCLIApp" */;
			compatibilityVersion = "Xcode 9.3";
			developmentRegion = en;
			hasScannedForEncodings = 0;
			knownRegions = (
				en,
				Base,
			);
			mainGroup = 9AFBBB1826CFC5410061ECD5;
			productRefGroup = 9AFBBB2226CFC5410061ECD5 /* Products */;
			projectDirPath = "";
			projectRoot = "";
			targets = (
				9AFBBB2026CFC5410061ECD5 /* TestCLIApp */,
				9AFBBB2E26CFC59E0061ECD5 /* TestCLIAppTests */,
			);
		};
/* End PBXProject section */

/* Begin PBXResourcesBuildPhase section */
		9AFBBB2D26CFC59E0061ECD5 /* Resources */ = {
			isa = PBXResourcesBuildPhase;
			buildActionMask = 2147483647;
			files = (
			);
			runOnlyForDeploymentPostprocessing = 0;
		};
/* End PBXResourcesBuildPhase section */

/* Begin PBXSourcesBuildPhase section */
		9AFBBB1D26CFC5410061ECD5 /* Sources */ = {
			isa = PBXSourcesBuildPhase;
			buildActionMask = 2147483647;
			files = (
				9AFBBB2526CFC5410061ECD5 /* main.swift in Sources */,
			);
			runOnlyForDeploymentPostprocessing = 0;
		};
		9AFBBB2B26CFC59E0061ECD5 /* Sources */ = {
			isa = PBXSourcesBuildPhase;
			buildActionMask = 2147483647;
			files = (
				9AFBBB4426CFD80B0061ECD5 /* main.swift in Sources */,
				9AFBBB3226CFC59E0061ECD5 /* TestCLIAppTests.swift in Sources */,
			);
			runOnlyForDeploymentPostprocessing = 0;
		};
/* End PBXSourcesBuildPhase section */

/* Begin XCBuildConfiguration section */
		9AFBBB2626CFC5410061ECD5 /* Debug */ = {
			isa = XCBuildConfiguration;
			buildSettings = {
				ALWAYS_SEARCH_USER_PATHS = NO;
				CLANG_ANALYZER_NONNULL = YES;
				CLANG_ANALYZER_NUMBER_OBJECT_CONVERSION = YES_AGGRESSIVE;
				CLANG_CXX_LANGUAGE_STANDARD = "gnu++14";
				CLANG_CXX_LIBRARY = "libc++";
				CLANG_ENABLE_MODULES = YES;
				CLANG_ENABLE_OBJC_ARC = YES;
				CLANG_ENABLE_OBJC_WEAK = YES;
				CLANG_WARN_BLOCK_CAPTURE_AUTORELEASING = YES;
				CLANG_WARN_BOOL_CONVERSION = YES;
				CLANG_WARN_COMMA = YES;
				CLANG_WARN_CONSTANT_CONVERSION = YES;
				CLANG_WARN_DEPRECATED_OBJC_IMPLEMENTATIONS = YES;
				CLANG_WARN_DIRECT_OBJC_ISA_USAGE = YES_ERROR;
				CLANG_WARN_DOCUMENTATION_COMMENTS = YES;
				CLANG_WARN_EMPTY_BODY = YES;
				CLANG_WARN_ENUM_CONVERSION = YES;
				CLANG_WARN_INFINITE_RECURSION = YES;
				CLANG_WARN_INT_CONVERSION = YES;
				CLANG_WARN_NON_LITERAL_NULL_CONVERSION = YES;
				CLANG_WARN_OBJC_IMPLICIT_RETAIN_SELF = YES;
				CLANG_WARN_OBJC_LITERAL_CONVERSION = YES;
				CLANG_WARN_OBJC_ROOT_CLASS = YES_ERROR;
				CLANG_WARN_QUOTED_INCLUDE_IN_FRAMEWORK_HEADER = YES;
				CLANG_WARN_RANGE_LOOP_ANALYSIS = YES;
				CLANG_WARN_STRICT_PROTOTYPES = YES;
				CLANG_WARN_SUSPICIOUS_MOVE = YES;
				CLANG_WARN_UNGUARDED_AVAILABILITY = YES_AGGRESSIVE;
				CLANG_WARN_UNREACHABLE_CODE = YES;
				CLANG_WARN__DUPLICATE_METHOD_MATCH = YES;
				COPY_PHASE_STRIP = NO;
				DEBUG_INFORMATION_FORMAT = dwarf;
				ENABLE_STRICT_OBJC_MSGSEND = YES;
				ENABLE_TESTABILITY = YES;
				GCC_C_LANGUAGE_STANDARD = gnu11;
				GCC_DYNAMIC_NO_PIC = NO;
				GCC_NO_COMMON_BLOCKS = YES;
				GCC_OPTIMIZATION_LEVEL = 0;
				GCC_PREPROCESSOR_DEFINITIONS = (
					"DEBUG=1",
					"$(inherited)",
				);
				GCC_WARN_64_TO_32_BIT_CONVERSION = YES;
				GCC_WARN_ABOUT_RETURN_TYPE = YES_ERROR;
				GCC_WARN_UNDECLARED_SELECTOR = YES;
				GCC_WARN_UNINITIALIZED_AUTOS = YES_AGGRESSIVE;
				GCC_WARN_UNUSED_FUNCTION = YES;
				GCC_WARN_UNUSED_VARIABLE = YES;
				MACOSX_DEPLOYMENT_TARGET = 11.3;
				MTL_ENABLE_DEBUG_INFO = INCLUDE_SOURCE;
				MTL_FAST_MATH = YES;
				ONLY_ACTIVE_ARCH = YES;
				SDKROOT = macosx;
				SWIFT_ACTIVE_COMPILATION_CONDITIONS = DEBUG;
				SWIFT_OPTIMIZATION_LEVEL = "-Onone";
			};
			name = Debug;
		};
		9AFBBB2726CFC5410061ECD5 /* Release */ = {
			isa = XCBuildConfiguration;
			buildSettings = {
				ALWAYS_SEARCH_USER_PATHS = NO;
				CLANG_ANALYZER_NONNULL = YES;
				CLANG_ANALYZER_NUMBER_OBJECT_CONVERSION = YES_AGGRESSIVE;
				CLANG_CXX_LANGUAGE_STANDARD = "gnu++14";
				CLANG_CXX_LIBRARY = "libc++";
				CLANG_ENABLE_MODULES = YES;
				CLANG_ENABLE_OBJC_ARC = YES;
				CLANG_ENABLE_OBJC_WEAK = YES;
				CLANG_WARN_BLOCK_CAPTURE_AUTORELEASING = YES;
				CLANG_WARN_BOOL_CONVERSION = YES;
				CLANG_WARN_COMMA = YES;
				CLANG_WARN_CONSTANT_CONVERSION = YES;
				CLANG_WARN_DEPRECATED_OBJC_IMPLEMENTATIONS = YES;
				CLANG_WARN_DIRECT_OBJC_ISA_USAGE = YES_ERROR;
				CLANG_WARN_DOCUMENTATION_COMMENTS = YES;
				CLANG_WARN_EMPTY_BODY = YES;
				CLANG_WARN_ENUM_CONVERSION = YES;
				CLANG_WARN_INFINITE_RECURSION = YES;
				CLANG_WARN_INT_CONVERSION = YES;
				CLANG_WARN_NON_LITERAL_NULL_CONVERSION = YES;
				CLANG_WARN_OBJC_IMPLICIT_RETAIN_SELF = YES;
				CLANG_WARN_OBJC_LITERAL_CONVERSION = YES;
				CLANG_WARN_OBJC_ROOT_CLASS = YES_ERROR;
				CLANG_WARN_QUOTED_INCLUDE_IN_FRAMEWORK_HEADER = YES;
				CLANG_WARN_RANGE_LOOP_ANALYSIS = YES;
				CLANG_WARN_STRICT_PROTOTYPES = YES;
				CLANG_WARN_SUSPICIOUS_MOVE = YES;
				CLANG_WARN_UNGUARDED_AVAILABILITY = YES_AGGRESSIVE;
				CLANG_WARN_UNREACHABLE_CODE = YES;
				CLANG_WARN__DUPLICATE_METHOD_MATCH = YES;
				COPY_PHASE_STRIP = NO;
				DEBUG_INFORMATION_FORMAT = "dwarf-with-dsym";
				ENABLE_NS_ASSERTIONS = NO;
				ENABLE_STRICT_OBJC_MSGSEND = YES;
				GCC_C_LANGUAGE_STANDARD = gnu11;
				GCC_NO_COMMON_BLOCKS = YES;
				GCC_WARN_64_TO_32_BIT_CONVERSION = YES;
				GCC_WARN_ABOUT_RETURN_TYPE = YES_ERROR;
				GCC_WARN_UNDECLARED_SELECTOR = YES;
				GCC_WARN_UNINITIALIZED_AUTOS = YES_AGGRESSIVE;
				GCC_WARN_UNUSED_FUNCTION = YES;
				GCC_WARN_UNUSED_VARIABLE = YES;
				MACOSX_DEPLOYMENT_TARGET = 11.3;
				MTL_ENABLE_DEBUG_INFO = NO;
				MTL_FAST_MATH = YES;
				SDKROOT = macosx;
				SWIFT_COMPILATION_MODE = wholemodule;
				SWIFT_OPTIMIZATION_LEVEL = "-O";
			};
			name = Release;
		};
		9AFBBB2926CFC5410061ECD5 /* Debug */ = {
			isa = XCBuildConfiguration;
			buildSettings = {
				CODE_SIGN_STYLE = Automatic;
				DEVELOPMENT_TEAM = 33SL2CXQ99;
				ENABLE_HARDENED_RUNTIME = YES;
				PRODUCT_NAME = "$(TARGET_NAME)";
				SWIFT_VERSION = 5.0;
			};
			name = Debug;
		};
		9AFBBB2A26CFC5410061ECD5 /* Release */ = {
			isa = XCBuildConfiguration;
			buildSettings = {
				CODE_SIGN_STYLE = Automatic;
				DEVELOPMENT_TEAM = 33SL2CXQ99;
				ENABLE_HARDENED_RUNTIME = YES;
				PRODUCT_NAME = "$(TARGET_NAME)";
				SWIFT_VERSION = 5.0;
			};
			name = Release;
		};
		9AFBBB3526CFC59E0061ECD5 /* Debug */ = {
			isa = XCBuildConfiguration;
			buildSettings = {
				CODE_SIGN_STYLE = Automatic;
				COMBINE_HIDPI_IMAGES = YES;
				DEVELOPMENT_TEAM = 33SL2CXQ99;
				INFOPLIST_FILE = TestCLIAppTests/Info.plist;
				LD_RUNPATH_SEARCH_PATHS = (
					"$(inherited)",
					"@executable_path/../Frameworks",
					"@loader_path/../Frameworks",
				);
				PRODUCT_BUNDLE_IDENTIFIER = rickthedev.TestCLIAppTests;
				PRODUCT_NAME = "$(TARGET_NAME)";
				SWIFT_VERSION = 5.0;
			};
			name = Debug;
		};
		9AFBBB3626CFC59E0061ECD5 /* Release */ = {
			isa = XCBuildConfiguration;
			buildSettings = {
				CODE_SIGN_STYLE = Automatic;
				COMBINE_HIDPI_IMAGES = YES;
				DEVELOPMENT_TEAM = 33SL2CXQ99;
				INFOPLIST_FILE = TestCLIAppTests/Info.plist;
				LD_RUNPATH_SEARCH_PATHS = (
					"$(inherited)",
					"@executable_path/../Frameworks",
					"@loader_path/../Frameworks",
				);
				PRODUCT_BUNDLE_IDENTIFIER = rickthedev.TestCLIAppTests;
				PRODUCT_NAME = "$(TARGET_NAME)";
				SWIFT_VERSION = 5.0;
			};
			name = Release;
		};
/* End XCBuildConfiguration section */

/* Begin XCConfigurationList section */
		9AFBBB1C26CFC5410061ECD5 /* Build configuration list for PBXProject "TestCLIApp" */ = {
			isa = XCConfigurationList;
			buildConfigurations = (
				9AFBBB2626CFC5410061ECD5 /* Debug */,
				9AFBBB2726CFC5410061ECD5 /* Release */,
			);
			defaultConfigurationIsVisible = 0;
			defaultConfigurationName = Release;
		};
		9AFBBB2826CFC5410061ECD5 /* Build configuration list for PBXNativeTarget "TestCLIApp" */ = {
			isa = XCConfigurationList;
			buildConfigurations = (
				9AFBBB2926CFC5410061ECD5 /* Debug */,
				9AFBBB2A26CFC5410061ECD5 /* Release */,
			);
			defaultConfigurationIsVisible = 0;
			defaultConfigurationName = Release;
		};
		9AFBBB3426CFC59E0061ECD5 /* Build configuration list for PBXNativeTarget "TestCLIAppTests" */ = {
			isa = XCConfigurationList;
			buildConfigurations = (
				9AFBBB3526CFC59E0061ECD5 /* Debug */,
				9AFBBB3626CFC59E0061ECD5 /* Release */,
			);
			defaultConfigurationIsVisible = 0;
			defaultConfigurationName = Release;
		};
/* End XCConfigurationList section */
	};
	rootObject = 9AFBBB1926CFC5410061ECD5 /* Project object */;
}
